
Microsoft Visual Studio Solution File, Format Version 12.00
# Visual Studio Version 17
VisualStudioVersion = 17.13.35825.156 d17.13
MinimumVisualStudioVersion = 10.0.40219.1
Project("{FAE04EC0-301F-11D3-BF4B-00C04F79EFBC}") = "Sesión11", "Sesión11\Sesión11.csproj", "{8E264E33-DE89-434B-BD6B-0A1CE2323926}"
EndProject
Project("{FAE04EC0-301F-11D3-BF4B-00C04F79EFBC}") = "sesion11.2", "sesion11.2\sesion11.2.csproj", "{772BA5CC-B671-4E0E-AEDD-82FFC30A02E6}"
EndProject
Global
	GlobalSection(SolutionConfigurationPlatforms) = preSolution
		Debug|Any CPU = Debug|Any CPU
		Release|Any CPU = Release|Any CPU
	EndGlobalSection
	GlobalSection(ProjectConfigurationPlatforms) = postSolution
		{8E264E33-DE89-434B-BD6B-0A1CE2323926}.Debug|Any CPU.ActiveCfg = Debug|Any CPU
		{8E264E33-DE89-434B-BD6B-0A1CE2323926}.Debug|Any CPU.Build.0 = Debug|Any CPU
		{8E264E33-DE89-434B-BD6B-0A1CE2323926}.Release|Any CPU.ActiveCfg = Release|Any CPU
		{8E264E33-DE89-434B-BD6B-0A1CE2323926}.Release|Any CPU.Build.0 = Release|Any CPU
		{772BA5CC-B671-4E0E-AEDD-82FFC30A02E6}.Debug|Any CPU.ActiveCfg = Debug|Any CPU
		{772BA5CC-B671-4E0E-AEDD-82FFC30A02E6}.Debug|Any CPU.Build.0 = Debug|Any CPU
		{772BA5CC-B671-4E0E-AEDD-82FFC30A02E6}.Release|Any CPU.ActiveCfg = Release|Any CPU
		{772BA5CC-B671-4E0E-AEDD-82FFC30A02E6}.Release|Any CPU.Build.0 = Release|Any CPU
	EndGlobalSection
	GlobalSection(SolutionProperties) = preSolution
		HideSolutionNode = FALSE
	EndGlobalSection
	GlobalSection(ExtensibilityGlobals) = postSolution
		SolutionGuid = {76A8EF5C-00E6-45F5-AAED-5203BDCD51D4}
	EndGlobalSection
EndGlobal
