
Microsoft Visual Studio Solution File, Format Version 12.00
# Visual Studio Version 17
VisualStudioVersion = 17.13.35825.156 d17.13
MinimumVisualStudioVersion = 10.0.40219.1
Project("{FAE04EC0-301F-11D3-BF4B-00C04F79EFBC}") = "Sesion11_2", "Sesion11_2\Sesion11_2.csproj", "{C24A6BE4-B67A-4D51-9725-5E1A4A5068D9}"
EndProject
Global
	GlobalSection(SolutionConfigurationPlatforms) = preSolution
		Debug|Any CPU = Debug|Any CPU
		Release|Any CPU = Release|Any CPU
	EndGlobalSection
	GlobalSection(ProjectConfigurationPlatforms) = postSolution
		{C24A6BE4-B67A-4D51-9725-5E1A4A5068D9}.Debug|Any CPU.ActiveCfg = Debug|Any CPU
		{C24A6BE4-B67A-4D51-9725-5E1A4A5068D9}.Debug|Any CPU.Build.0 = Debug|Any CPU
		{C24A6BE4-B67A-4D51-9725-5E1A4A5068D9}.Release|Any CPU.ActiveCfg = Release|Any CPU
		{C24A6BE4-B67A-4D51-9725-5E1A4A5068D9}.Release|Any CPU.Build.0 = Release|Any CPU
	EndGlobalSection
	GlobalSection(SolutionProperties) = preSolution
		HideSolutionNode = FALSE
	EndGlobalSection
	GlobalSection(ExtensibilityGlobals) = postSolution
		SolutionGuid = {1DC1D80C-C84C-41AA-9B18-3C1511C5A753}
	EndGlobalSection
EndGlobal
